// !$*UTF8*$!
{
	archiveVersion = 1;
	classes = {
	};
	objectVersion = 46;
	objects = {

/* Begin PBXBuildFile section */
		CD7E84F71E73F1F0000E6573 /* AppDelegate.swift in Sources */ = {isa = PBXBuildFile; fileRef = CD7E84F61E73F1F0000E6573 /* AppDelegate.swift */; };
		CD7E84FC1E73F1F0000E6573 /* Main.storyboard in Resources */ = {isa = PBXBuildFile; fileRef = CD7E84FA1E73F1F0000E6573 /* Main.storyboard */; };
		CD7E84FE1E73F1F0000E6573 /* Assets.xcassets in Resources */ = {isa = PBXBuildFile; fileRef = CD7E84FD1E73F1F0000E6573 /* Assets.xcassets */; };
		CD7E85011E73F1F0000E6573 /* LaunchScreen.storyboard in Resources */ = {isa = PBXBuildFile; fileRef = CD7E84FF1E73F1F0000E6573 /* LaunchScreen.storyboard */; };
		CD7E85341E742510000E6573 /* Profile.storyboard in Resources */ = {isa = PBXBuildFile; fileRef = CD7E85331E742510000E6573 /* Profile.storyboard */; };
		CD7E85361E742520000E6573 /* Discover.storyboard in Resources */ = {isa = PBXBuildFile; fileRef = CD7E85351E742520000E6573 /* Discover.storyboard */; };
		CD7E85381E74252C000E6573 /* Follow.storyboard in Resources */ = {isa = PBXBuildFile; fileRef = CD7E85371E74252C000E6573 /* Follow.storyboard */; };
		CD7E853A1E742536000E6573 /* Live.storyboard in Resources */ = {isa = PBXBuildFile; fileRef = CD7E85391E742536000E6573 /* Live.storyboard */; };
		CD7E853C1E742540000E6573 /* Home.storyboard in Resources */ = {isa = PBXBuildFile; fileRef = CD7E853B1E742540000E6573 /* Home.storyboard */; };
		CD7E853E1E742583000E6573 /* MainViewController.swift in Sources */ = {isa = PBXBuildFile; fileRef = CD7E853D1E742583000E6573 /* MainViewController.swift */; };
		CD7E85401E742606000E6573 /* HomeViewController.swift in Sources */ = {isa = PBXBuildFile; fileRef = CD7E853F1E742606000E6573 /* HomeViewController.swift */; };
		CD7E85431E7434AA000E6573 /* UIBarButtonItem-Extention.swift in Sources */ = {isa = PBXBuildFile; fileRef = CD7E85421E7434AA000E6573 /* UIBarButtonItem-Extention.swift */; };
		CD7E85451E743DE1000E6573 /* PageTitleView.swift in Sources */ = {isa = PBXBuildFile; fileRef = CD7E85441E743DE1000E6573 /* PageTitleView.swift */; };
		CD7E85471E752FDE000E6573 /* Common.swift in Sources */ = {isa = PBXBuildFile; fileRef = CD7E85461E752FDE000E6573 /* Common.swift */; };
		CD7E85491E756229000E6573 /* PageContentView.swift in Sources */ = {isa = PBXBuildFile; fileRef = CD7E85481E756229000E6573 /* PageContentView.swift */; };
		CD7E854B1E7564E0000E6573 /* UIColor-Extention.swift in Sources */ = {isa = PBXBuildFile; fileRef = CD7E854A1E7564E0000E6573 /* UIColor-Extention.swift */; };
/* End PBXBuildFile section */

/* Begin PBXFileReference section */
		CD7E84F31E73F1F0000E6573 /* MyDYZB.app */ = {isa = PBXFileReference; explicitFileType = wrapper.application; includeInIndex = 0; path = MyDYZB.app; sourceTree = BUILT_PRODUCTS_DIR; };
		CD7E84F61E73F1F0000E6573 /* AppDelegate.swift */ = {isa = PBXFileReference; lastKnownFileType = sourcecode.swift; path = AppDelegate.swift; sourceTree = "<group>"; };
		CD7E84FB1E73F1F0000E6573 /* Base */ = {isa = PBXFileReference; lastKnownFileType = file.storyboard; name = Base; path = Base.lproj/Main.storyboard; sourceTree = "<group>"; };
		CD7E84FD1E73F1F0000E6573 /* Assets.xcassets */ = {isa = PBXFileReference; lastKnownFileType = folder.assetcatalog; path = Assets.xcassets; sourceTree = "<group>"; };
		CD7E85001E73F1F0000E6573 /* Base */ = {isa = PBXFileReference; lastKnownFileType = file.storyboard; name = Base; path = Base.lproj/LaunchScreen.storyboard; sourceTree = "<group>"; };
		CD7E85021E73F1F0000E6573 /* Info.plist */ = {isa = PBXFileReference; lastKnownFileType = text.plist.xml; path = Info.plist; sourceTree = "<group>"; };
		CD7E85331E742510000E6573 /* Profile.storyboard */ = {isa = PBXFileReference; fileEncoding = 4; lastKnownFileType = file.storyboard; path = Profile.storyboard; sourceTree = "<group>"; };
		CD7E85351E742520000E6573 /* Discover.storyboard */ = {isa = PBXFileReference; fileEncoding = 4; lastKnownFileType = file.storyboard; path = Discover.storyboard; sourceTree = "<group>"; };
		CD7E85371E74252C000E6573 /* Follow.storyboard */ = {isa = PBXFileReference; fileEncoding = 4; lastKnownFileType = file.storyboard; path = Follow.storyboard; sourceTree = "<group>"; };
		CD7E85391E742536000E6573 /* Live.storyboard */ = {isa = PBXFileReference; fileEncoding = 4; lastKnownFileType = file.storyboard; path = Live.storyboard; sourceTree = "<group>"; };
		CD7E853B1E742540000E6573 /* Home.storyboard */ = {isa = PBXFileReference; fileEncoding = 4; lastKnownFileType = file.storyboard; path = Home.storyboard; sourceTree = "<group>"; };
		CD7E853D1E742583000E6573 /* MainViewController.swift */ = {isa = PBXFileReference; fileEncoding = 4; lastKnownFileType = sourcecode.swift; path = MainViewController.swift; sourceTree = "<group>"; };
		CD7E853F1E742606000E6573 /* HomeViewController.swift */ = {isa = PBXFileReference; fileEncoding = 4; lastKnownFileType = sourcecode.swift; path = HomeViewController.swift; sourceTree = "<group>"; };
		CD7E85421E7434AA000E6573 /* UIBarButtonItem-Extention.swift */ = {isa = PBXFileReference; fileEncoding = 4; lastKnownFileType = sourcecode.swift; path = "UIBarButtonItem-Extention.swift"; sourceTree = "<group>"; };
		CD7E85441E743DE1000E6573 /* PageTitleView.swift */ = {isa = PBXFileReference; fileEncoding = 4; lastKnownFileType = sourcecode.swift; path = PageTitleView.swift; sourceTree = "<group>"; };
		CD7E85461E752FDE000E6573 /* Common.swift */ = {isa = PBXFileReference; fileEncoding = 4; lastKnownFileType = sourcecode.swift; path = Common.swift; sourceTree = "<group>"; };
		CD7E85481E756229000E6573 /* PageContentView.swift */ = {isa = PBXFileReference; fileEncoding = 4; lastKnownFileType = sourcecode.swift; path = PageContentView.swift; sourceTree = "<group>"; };
		CD7E854A1E7564E0000E6573 /* UIColor-Extention.swift */ = {isa = PBXFileReference; fileEncoding = 4; lastKnownFileType = sourcecode.swift; path = "UIColor-Extention.swift"; sourceTree = "<group>"; };
/* End PBXFileReference section */

/* Begin PBXFrameworksBuildPhase section */
		CD7E84F01E73F1F0000E6573 /* Frameworks */ = {
			isa = PBXFrameworksBuildPhase;
			buildActionMask = 2147483647;
			files = (
			);
			runOnlyForDeploymentPostprocessing = 0;
		};
/* End PBXFrameworksBuildPhase section */

/* Begin PBXGroup section */
		CD7E84EA1E73F1F0000E6573 = {
			isa = PBXGroup;
			children = (
				CD7E84F51E73F1F0000E6573 /* MyDYZB */,
				CD7E84F41E73F1F0000E6573 /* Products */,
			);
			sourceTree = "<group>";
		};
		CD7E84F41E73F1F0000E6573 /* Products */ = {
			isa = PBXGroup;
			children = (
				CD7E84F31E73F1F0000E6573 /* MyDYZB.app */,
			);
			name = Products;
			sourceTree = "<group>";
		};
		CD7E84F51E73F1F0000E6573 /* MyDYZB */ = {
			isa = PBXGroup;
			children = (
				CD7E85081E740108000E6573 /* Classes */,
				CD7E84F61E73F1F0000E6573 /* AppDelegate.swift */,
				CD7E84FD1E73F1F0000E6573 /* Assets.xcassets */,
				CD7E84FF1E73F1F0000E6573 /* LaunchScreen.storyboard */,
				CD7E85021E73F1F0000E6573 /* Info.plist */,
			);
			path = MyDYZB;
			sourceTree = "<group>";
		};
		CD7E85081E740108000E6573 /* Classes */ = {
			isa = PBXGroup;
			children = (
				CD7E850C1E740108000E6573 /* Main */,
				CD7E850A1E740108000E6573 /* Home */,
				CD7E850B1E740108000E6573 /* Live */,
				CD7E85091E740108000E6573 /* Follow */,
				CD7E851A1E741CFF000E6573 /* Discover */,
				CD7E850D1E740108000E6573 /* Profile */,
				CD7E850E1E740108000E6573 /* Tools */,
			);
			path = Classes;
			sourceTree = "<group>";
		};
		CD7E85091E740108000E6573 /* Follow */ = {
			isa = PBXGroup;
			children = (
				CD7E852A1E74249A000E6573 /* Controller */,
				CD7E852B1E74249A000E6573 /* Model */,
				CD7E852C1E74249A000E6573 /* View */,
			);
			path = Follow;
			sourceTree = "<group>";
		};
		CD7E850A1E740108000E6573 /* Home */ = {
			isa = PBXGroup;
			children = (
				CD7E85241E742487000E6573 /* Controller */,
				CD7E85251E742487000E6573 /* Model */,
				CD7E85261E742487000E6573 /* View */,
			);
			path = Home;
			sourceTree = "<group>";
		};
		CD7E850B1E740108000E6573 /* Live */ = {
			isa = PBXGroup;
			children = (
				CD7E85271E742490000E6573 /* Controller */,
				CD7E85281E742490000E6573 /* Model */,
				CD7E85291E742490000E6573 /* View */,
			);
			path = Live;
			sourceTree = "<group>";
		};
		CD7E850C1E740108000E6573 /* Main */ = {
			isa = PBXGroup;
			children = (
				CD7E85211E74247A000E6573 /* Controller */,
				CD7E85221E74247A000E6573 /* Model */,
				CD7E85231E74247A000E6573 /* View */,
				CD7E84FA1E73F1F0000E6573 /* Main.storyboard */,
			);
			path = Main;
			sourceTree = "<group>";
		};
		CD7E850D1E740108000E6573 /* Profile */ = {
			isa = PBXGroup;
			children = (
				CD7E85301E7424AB000E6573 /* Controller */,
				CD7E85311E7424AC000E6573 /* Model */,
				CD7E85321E7424AC000E6573 /* View */,
			);
			path = Profile;
			sourceTree = "<group>";
		};
		CD7E850E1E740108000E6573 /* Tools */ = {
			isa = PBXGroup;
			children = (
				CD7E85411E743455000E6573 /* Extention */,
				CD7E85461E752FDE000E6573 /* Common.swift */,
			);
			path = Tools;
			sourceTree = "<group>";
		};
		CD7E851A1E741CFF000E6573 /* Discover */ = {
			isa = PBXGroup;
			children = (
				CD7E852D1E7424A2000E6573 /* Controller */,
				CD7E852E1E7424A2000E6573 /* Model */,
				CD7E852F1E7424A2000E6573 /* View */,
			);
			path = Discover;
			sourceTree = "<group>";
		};
		CD7E85211E74247A000E6573 /* Controller */ = {
			isa = PBXGroup;
			children = (
				CD7E853D1E742583000E6573 /* MainViewController.swift */,
			);
			path = Controller;
			sourceTree = "<group>";
		};
		CD7E85221E74247A000E6573 /* Model */ = {
			isa = PBXGroup;
			children = (
			);
			path = Model;
			sourceTree = "<group>";
		};
		CD7E85231E74247A000E6573 /* View */ = {
			isa = PBXGroup;
			children = (
				CD7E85441E743DE1000E6573 /* PageTitleView.swift */,
				CD7E85481E756229000E6573 /* PageContentView.swift */,
			);
			path = View;
			sourceTree = "<group>";
		};
		CD7E85241E742487000E6573 /* Controller */ = {
			isa = PBXGroup;
			children = (
				CD7E853B1E742540000E6573 /* Home.storyboard */,
				CD7E853F1E742606000E6573 /* HomeViewController.swift */,
			);
			path = Controller;
			sourceTree = "<group>";
		};
		CD7E85251E742487000E6573 /* Model */ = {
			isa = PBXGroup;
			children = (
			);
			path = Model;
			sourceTree = "<group>";
		};
		CD7E85261E742487000E6573 /* View */ = {
			isa = PBXGroup;
			children = (
			);
			path = View;
			sourceTree = "<group>";
		};
		CD7E85271E742490000E6573 /* Controller */ = {
			isa = PBXGroup;
			children = (
				CD7E85391E742536000E6573 /* Live.storyboard */,
			);
			path = Controller;
			sourceTree = "<group>";
		};
		CD7E85281E742490000E6573 /* Model */ = {
			isa = PBXGroup;
			children = (
			);
			path = Model;
			sourceTree = "<group>";
		};
		CD7E85291E742490000E6573 /* View */ = {
			isa = PBXGroup;
			children = (
			);
			path = View;
			sourceTree = "<group>";
		};
		CD7E852A1E74249A000E6573 /* Controller */ = {
			isa = PBXGroup;
			children = (
				CD7E85371E74252C000E6573 /* Follow.storyboard */,
			);
			path = Controller;
			sourceTree = "<group>";
		};
		CD7E852B1E74249A000E6573 /* Model */ = {
			isa = PBXGroup;
			children = (
			);
			path = Model;
			sourceTree = "<group>";
		};
		CD7E852C1E74249A000E6573 /* View */ = {
			isa = PBXGroup;
			children = (
			);
			path = View;
			sourceTree = "<group>";
		};
		CD7E852D1E7424A2000E6573 /* Controller */ = {
			isa = PBXGroup;
			children = (
				CD7E85351E742520000E6573 /* Discover.storyboard */,
			);
			path = Controller;
			sourceTree = "<group>";
		};
		CD7E852E1E7424A2000E6573 /* Model */ = {
			isa = PBXGroup;
			children = (
			);
			path = Model;
			sourceTree = "<group>";
		};
		CD7E852F1E7424A2000E6573 /* View */ = {
			isa = PBXGroup;
			children = (
			);
			path = View;
			sourceTree = "<group>";
		};
		CD7E85301E7424AB000E6573 /* Controller */ = {
			isa = PBXGroup;
			children = (
				CD7E85331E742510000E6573 /* Profile.storyboard */,
			);
			path = Controller;
			sourceTree = "<group>";
		};
		CD7E85311E7424AC000E6573 /* Model */ = {
			isa = PBXGroup;
			children = (
			);
			path = Model;
			sourceTree = "<group>";
		};
		CD7E85321E7424AC000E6573 /* View */ = {
			isa = PBXGroup;
			children = (
			);
			path = View;
			sourceTree = "<group>";
		};
		CD7E85411E743455000E6573 /* Extention */ = {
			isa = PBXGroup;
			children = (
				CD7E85421E7434AA000E6573 /* UIBarButtonItem-Extention.swift */,
				CD7E854A1E7564E0000E6573 /* UIColor-Extention.swift */,
			);
			path = Extention;
			sourceTree = "<group>";
		};
/* End PBXGroup section */

/* Begin PBXNativeTarget section */
		CD7E84F21E73F1F0000E6573 /* MyDYZB */ = {
			isa = PBXNativeTarget;
			buildConfigurationList = CD7E85051E73F1F0000E6573 /* Build configuration list for PBXNativeTarget "MyDYZB" */;
			buildPhases = (
				CD7E84EF1E73F1F0000E6573 /* Sources */,
				CD7E84F01E73F1F0000E6573 /* Frameworks */,
				CD7E84F11E73F1F0000E6573 /* Resources */,
			);
			buildRules = (
			);
			dependencies = (
			);
			name = MyDYZB;
			productName = MyDYZB;
			productReference = CD7E84F31E73F1F0000E6573 /* MyDYZB.app */;
			productType = "com.apple.product-type.application";
		};
/* End PBXNativeTarget section */

/* Begin PBXProject section */
		CD7E84EB1E73F1F0000E6573 /* Project object */ = {
			isa = PBXProject;
			attributes = {
				LastSwiftUpdateCheck = 0820;
				LastUpgradeCheck = 0820;
				ORGANIZATIONNAME = maybe_mylove;
				TargetAttributes = {
					CD7E84F21E73F1F0000E6573 = {
						CreatedOnToolsVersion = 8.2.1;
						DevelopmentTeam = W6KE3T24WR;
						ProvisioningStyle = Automatic;
					};
				};
			};
			buildConfigurationList = CD7E84EE1E73F1F0000E6573 /* Build configuration list for PBXProject "MyDYZB" */;
			compatibilityVersion = "Xcode 3.2";
			developmentRegion = English;
			hasScannedForEncodings = 0;
			knownRegions = (
				en,
				Base,
			);
			mainGroup = CD7E84EA1E73F1F0000E6573;
			productRefGroup = CD7E84F41E73F1F0000E6573 /* Products */;
			projectDirPath = "";
			projectRoot = "";
			targets = (
				CD7E84F21E73F1F0000E6573 /* MyDYZB */,
			);
		};
/* End PBXProject section */

/* Begin PBXResourcesBuildPhase section */
		CD7E84F11E73F1F0000E6573 /* Resources */ = {
			isa = PBXResourcesBuildPhase;
			buildActionMask = 2147483647;
			files = (
				CD7E85011E73F1F0000E6573 /* LaunchScreen.storyboard in Resources */,
				CD7E85361E742520000E6573 /* Discover.storyboard in Resources */,
				CD7E84FE1E73F1F0000E6573 /* Assets.xcassets in Resources */,
				CD7E85381E74252C000E6573 /* Follow.storyboard in Resources */,
				CD7E85341E742510000E6573 /* Profile.storyboard in Resources */,
				CD7E84FC1E73F1F0000E6573 /* Main.storyboard in Resources */,
				CD7E853A1E742536000E6573 /* Live.storyboard in Resources */,
				CD7E853C1E742540000E6573 /* Home.storyboard in Resources */,
			);
			runOnlyForDeploymentPostprocessing = 0;
		};
/* End PBXResourcesBuildPhase section */

/* Begin PBXSourcesBuildPhase section */
		CD7E84EF1E73F1F0000E6573 /* Sources */ = {
			isa = PBXSourcesBuildPhase;
			buildActionMask = 2147483647;
			files = (
				CD7E853E1E742583000E6573 /* MainViewController.swift in Sources */,
				CD7E84F71E73F1F0000E6573 /* AppDelegate.swift in Sources */,
				CD7E854B1E7564E0000E6573 /* UIColor-Extention.swift in Sources */,
				CD7E85451E743DE1000E6573 /* PageTitleView.swift in Sources */,
				CD7E85491E756229000E6573 /* PageContentView.swift in Sources */,
				CD7E85401E742606000E6573 /* HomeViewController.swift in Sources */,
				CD7E85471E752FDE000E6573 /* Common.swift in Sources */,
				CD7E85431E7434AA000E6573 /* UIBarButtonItem-Extention.swift in Sources */,
			);
			runOnlyForDeploymentPostprocessing = 0;
		};
/* End PBXSourcesBuildPhase section */

/* Begin PBXVariantGroup section */
		CD7E84FA1E73F1F0000E6573 /* Main.storyboard */ = {
			isa = PBXVariantGroup;
			children = (
				CD7E84FB1E73F1F0000E6573 /* Base */,
			);
			name = Main.storyboard;
			path = ../..;
			sourceTree = "<group>";
		};
		CD7E84FF1E73F1F0000E6573 /* LaunchScreen.storyboard */ = {
			isa = PBXVariantGroup;
			children = (
				CD7E85001E73F1F0000E6573 /* Base */,
			);
			name = LaunchScreen.storyboard;
			sourceTree = "<group>";
		};
/* End PBXVariantGroup section */

/* Begin XCBuildConfiguration section */
		CD7E85031E73F1F0000E6573 /* Debug */ = {
			isa = XCBuildConfiguration;
			buildSettings = {
				ALWAYS_SEARCH_USER_PATHS = NO;
				CLANG_ANALYZER_NONNULL = YES;
				CLANG_CXX_LANGUAGE_STANDARD = "gnu++0x";
				CLANG_CXX_LIBRARY = "libc++";
				CLANG_ENABLE_MODULES = YES;
				CLANG_ENABLE_OBJC_ARC = YES;
				CLANG_WARN_BOOL_CONVERSION = YES;
				CLANG_WARN_CONSTANT_CONVERSION = YES;
				CLANG_WARN_DIRECT_OBJC_ISA_USAGE = YES_ERROR;
				CLANG_WARN_DOCUMENTATION_COMMENTS = YES;
				CLANG_WARN_EMPTY_BODY = YES;
				CLANG_WARN_ENUM_CONVERSION = YES;
				CLANG_WARN_INFINITE_RECURSION = YES;
				CLANG_WARN_INT_CONVERSION = YES;
				CLANG_WARN_OBJC_ROOT_CLASS = YES_ERROR;
				CLANG_WARN_SUSPICIOUS_MOVE = YES;
				CLANG_WARN_UNREACHABLE_CODE = YES;
				CLANG_WARN__DUPLICATE_METHOD_MATCH = YES;
				"CODE_SIGN_IDENTITY[sdk=iphoneos*]" = "iPhone Developer";
				COPY_PHASE_STRIP = NO;
				DEBUG_INFORMATION_FORMAT = dwarf;
				ENABLE_STRICT_OBJC_MSGSEND = YES;
				ENABLE_TESTABILITY = YES;
				GCC_C_LANGUAGE_STANDARD = gnu99;
				GCC_DYNAMIC_NO_PIC = NO;
				GCC_NO_COMMON_BLOCKS = YES;
				GCC_OPTIMIZATION_LEVEL = 0;
				GCC_PREPROCESSOR_DEFINITIONS = (
					"DEBUG=1",
					"$(inherited)",
				);
				GCC_WARN_64_TO_32_BIT_CONVERSION = YES;
				GCC_WARN_ABOUT_RETURN_TYPE = YES_ERROR;
				GCC_WARN_UNDECLARED_SELECTOR = YES;
				GCC_WARN_UNINITIALIZED_AUTOS = YES_AGGRESSIVE;
				GCC_WARN_UNUSED_FUNCTION = YES;
				GCC_WARN_UNUSED_VARIABLE = YES;
				IPHONEOS_DEPLOYMENT_TARGET = 10.2;
				MTL_ENABLE_DEBUG_INFO = YES;
				ONLY_ACTIVE_ARCH = YES;
				SDKROOT = iphoneos;
				SWIFT_ACTIVE_COMPILATION_CONDITIONS = DEBUG;
				SWIFT_OPTIMIZATION_LEVEL = "-Onone";
				TARGETED_DEVICE_FAMILY = "1,2";
			};
			name = Debug;
		};
		CD7E85041E73F1F0000E6573 /* Release */ = {
			isa = XCBuildConfiguration;
			buildSettings = {
				ALWAYS_SEARCH_USER_PATHS = NO;
				CLANG_ANALYZER_NONNULL = YES;
				CLANG_CXX_LANGUAGE_STANDARD = "gnu++0x";
				CLANG_CXX_LIBRARY = "libc++";
				CLANG_ENABLE_MODULES = YES;
				CLANG_ENABLE_OBJC_ARC = YES;
				CLANG_WARN_BOOL_CONVERSION = YES;
				CLANG_WARN_CONSTANT_CONVERSION = YES;
				CLANG_WARN_DIRECT_OBJC_ISA_USAGE = YES_ERROR;
				CLANG_WARN_DOCUMENTATION_COMMENTS = YES;
				CLANG_WARN_EMPTY_BODY = YES;
				CLANG_WARN_ENUM_CONVERSION = YES;
				CLANG_WARN_INFINITE_RECURSION = YES;
				CLANG_WARN_INT_CONVERSION = YES;
				CLANG_WARN_OBJC_ROOT_CLASS = YES_ERROR;
				CLANG_WARN_SUSPICIOUS_MOVE = YES;
				CLANG_WARN_UNREACHABLE_CODE = YES;
				CLANG_WARN__DUPLICATE_METHOD_MATCH = YES;
				"CODE_SIGN_IDENTITY[sdk=iphoneos*]" = "iPhone Developer";
				COPY_PHASE_STRIP = NO;
				DEBUG_INFORMATION_FORMAT = "dwarf-with-dsym";
				ENABLE_NS_ASSERTIONS = NO;
				ENABLE_STRICT_OBJC_MSGSEND = YES;
				GCC_C_LANGUAGE_STANDARD = gnu99;
				GCC_NO_COMMON_BLOCKS = YES;
				GCC_WARN_64_TO_32_BIT_CONVERSION = YES;
				GCC_WARN_ABOUT_RETURN_TYPE = YES_ERROR;
				GCC_WARN_UNDECLARED_SELECTOR = YES;
				GCC_WARN_UNINITIALIZED_AUTOS = YES_AGGRESSIVE;
				GCC_WARN_UNUSED_FUNCTION = YES;
				GCC_WARN_UNUSED_VARIABLE = YES;
				IPHONEOS_DEPLOYMENT_TARGET = 10.2;
				MTL_ENABLE_DEBUG_INFO = NO;
				SDKROOT = iphoneos;
				SWIFT_OPTIMIZATION_LEVEL = "-Owholemodule";
				TARGETED_DEVICE_FAMILY = "1,2";
				VALIDATE_PRODUCT = YES;
			};
			name = Release;
		};
		CD7E85061E73F1F0000E6573 /* Debug */ = {
			isa = XCBuildConfiguration;
			buildSettings = {
				ASSETCATALOG_COMPILER_APPICON_NAME = AppIcon;
				ASSETCATALOG_COMPILER_LAUNCHIMAGE_NAME = LaunchImage;
				DEVELOPMENT_TEAM = W6KE3T24WR;
				INFOPLIST_FILE = MyDYZB/Info.plist;
				IPHONEOS_DEPLOYMENT_TARGET = 9.0;
				LD_RUNPATH_SEARCH_PATHS = "$(inherited) @executable_path/Frameworks";
				PRODUCT_BUNDLE_IDENTIFIER = com.wanglei.BaseProject.MyDYZB;
				PRODUCT_NAME = "$(TARGET_NAME)";
				SWIFT_VERSION = 3.0;
				TARGETED_DEVICE_FAMILY = 1;
			};
			name = Debug;
		};
		CD7E85071E73F1F0000E6573 /* Release */ = {
			isa = XCBuildConfiguration;
			buildSettings = {
				ASSETCATALOG_COMPILER_APPICON_NAME = AppIcon;
				ASSETCATALOG_COMPILER_LAUNCHIMAGE_NAME = LaunchImage;
				DEVELOPMENT_TEAM = W6KE3T24WR;
				INFOPLIST_FILE = MyDYZB/Info.plist;
				IPHONEOS_DEPLOYMENT_TARGET = 9.0;
				LD_RUNPATH_SEARCH_PATHS = "$(inherited) @executable_path/Frameworks";
				PRODUCT_BUNDLE_IDENTIFIER = com.wanglei.BaseProject.MyDYZB;
				PRODUCT_NAME = "$(TARGET_NAME)";
				SWIFT_VERSION = 3.0;
				TARGETED_DEVICE_FAMILY = 1;
			};
			name = Release;
		};
/* End XCBuildConfiguration section */

/* Begin XCConfigurationList section */
		CD7E84EE1E73F1F0000E6573 /* Build configuration list for PBXProject "MyDYZB" */ = {
			isa = XCConfigurationList;
			buildConfigurations = (
				CD7E85031E73F1F0000E6573 /* Debug */,
				CD7E85041E73F1F0000E6573 /* Release */,
			);
			defaultConfigurationIsVisible = 0;
			defaultConfigurationName = Release;
		};
		CD7E85051E73F1F0000E6573 /* Build configuration list for PBXNativeTarget "MyDYZB" */ = {
			isa = XCConfigurationList;
			buildConfigurations = (
				CD7E85061E73F1F0000E6573 /* Debug */,
				CD7E85071E73F1F0000E6573 /* Release */,
			);
			defaultConfigurationIsVisible = 0;
			defaultConfigurationName = Release;
		};
/* End XCConfigurationList section */
	};
	rootObject = CD7E84EB1E73F1F0000E6573 /* Project object */;
}
